<?xml version="1.0" encoding="utf-8"?>
<Project ToolsVersion="4.0" xmlns="http://schemas.microsoft.com/developer/msbuild/2003">
  <ItemGroup>
    <Filter Include="Source Files">
      <UniqueIdentifier>{1e150729-923f-47a8-9916-65e48ef6ca0a}</UniqueIdentifier>
      <Extensions>cpp;c;cxx;def;odl;idl;hpj;bat;asm</Extensions>
    </Filter>
    <Filter Include="Header Files">
      <UniqueIdentifier>{eea90774-028d-4469-90ed-6d2da39d8691}</UniqueIdentifier>
      <Extensions>h;hpp;hxx;hm;inl;inc</Extensions>
    </Filter>
    <Filter Include="Resource Files">
      <UniqueIdentifier>{813910d1-994d-43a0-81e2-de84bad1d691}</UniqueIdentifier>
      <Extensions>rc;ico;cur;bmp;dlg;rc2;rct;bin;rgs;gif;jpg;jpeg;jpe</Extensions>
    </Filter>
  </ItemGroup>
  <ItemGroup>
    <ClCompile Include="PropsVorbisEncoder.cpp">
      <Filter>Source Files</Filter>
    </ClCompile>
    <ClCompile Include="stdafx.cpp">
      <Filter>Source Files</Filter>
    </ClCompile>
    <ClCompile Include="VorbisEncodeFilter.cpp">
      <Filter>Source Files</Filter>
    </ClCompile>
    <ClCompile Include="VorbisEncodeInputPin.cpp">
      <Filter>Source Files</Filter>
    </ClCompile>
    <ClCompile Include="VorbisEncodeOutputPin.cpp">
      <Filter>Source Files</Filter>
    </ClCompile>
    <ClCompile Include="vorbisencoderdllstuff.cpp">
      <Filter>Source Files</Filter>
    </ClCompile>
  </ItemGroup>
  <ItemGroup>
    <None Include="vorbisencoder.def">
      <Filter>Source Files</Filter>
    </None>
  </ItemGroup>
  <ItemGroup>
    <ClInclude Include="IVorbisEncodeSettings.h">
      <Filter>Header Files</Filter>
    </ClInclude>
    <ClInclude Include="PropsVorbisEncoder.h">
      <Filter>Header Files</Filter>
    </ClInclude>
    <ClInclude Include="resource.h">
      <Filter>Header Files</Filter>
    </ClInclude>
    <ClInclude Include="stdafx.h">
      <Filter>Header Files</Filter>
    </ClInclude>
    <ClInclude Include="VorbisEncodeFilter.h">
      <Filter>Header Files</Filter>
    </ClInclude>
    <ClInclude Include="VorbisEncodeInputPin.h">
      <Filter>Header Files</Filter>
    </ClInclude>
    <ClInclude Include="VorbisEncodeOutputPin.h">
      <Filter>Header Files</Filter>
    </ClInclude>
    <ClInclude Include="vorbisencoderdllstuff.h">
      <Filter>Header Files</Filter>
    </ClInclude>
  </ItemGroup>
  <ItemGroup>
    <ResourceCompile Include="dsfVorbisEncoder.rc">
      <Filter>Resource Files</Filter>
    </ResourceCompile>
  </ItemGroup>
  <ItemGroup>
    <Text Include="ReadMe.txt" />
  </ItemGroup>
</Project>